// !$*UTF8*$!
{
	archiveVersion = 1;
	classes = {
	};
	objectVersion = 56;
	objects = {

/* Begin PBXBuildFile section */
		994078C82BBAD31C00E5F189 /* AppDelegate.swift in Sources */ = {isa = PBXBuildFile; fileRef = 994078C72BBAD31C00E5F189 /* AppDelegate.swift */; };
		994078CA2BBAD31C00E5F189 /* SceneDelegate.swift in Sources */ = {isa = PBXBuildFile; fileRef = 994078C92BBAD31C00E5F189 /* SceneDelegate.swift */; };
		994078CC2BBAD31C00E5F189 /* ViewController.swift in Sources */ = {isa = PBXBuildFile; fileRef = 994078CB2BBAD31C00E5F189 /* ViewController.swift */; };
		994078D12BBAD31D00E5F189 /* Assets.xcassets in Resources */ = {isa = PBXBuildFile; fileRef = 994078D02BBAD31D00E5F189 /* Assets.xcassets */; };
		994078D42BBAD31D00E5F189 /* LaunchScreen.storyboard in Resources */ = {isa = PBXBuildFile; fileRef = 994078D22BBAD31D00E5F189 /* LaunchScreen.storyboard */; };
		994078DC2BBAD5C000E5F189 /* MagneticDetectionVC.swift in Sources */ = {isa = PBXBuildFile; fileRef = 994078DB2BBAD5C000E5F189 /* MagneticDetectionVC.swift */; };
		994078E02BBADD0300E5F189 /* MDButton.swift in Sources */ = {isa = PBXBuildFile; fileRef = 994078DF2BBADD0300E5F189 /* MDButton.swift */; };
		994078E62BBC290500E5F189 /* Pointer.swift in Sources */ = {isa = PBXBuildFile; fileRef = 994078E52BBC290500E5F189 /* Pointer.swift */; };
		994078E82BBC49E500E5F189 /* BackgroundImage.swift in Sources */ = {isa = PBXBuildFile; fileRef = 994078E72BBC49E500E5F189 /* BackgroundImage.swift */; };
		994078EC2BBD517700E5F189 /* UIImage+ext.swift in Sources */ = {isa = PBXBuildFile; fileRef = 994078EB2BBD517700E5F189 /* UIImage+ext.swift */; };
		994078EE2BBD841400E5F189 /* MainVC.swift in Sources */ = {isa = PBXBuildFile; fileRef = 994078ED2BBD841400E5F189 /* MainVC.swift */; };
		994078F12BBD87D400E5F189 /* Tile.swift in Sources */ = {isa = PBXBuildFile; fileRef = 994078F02BBD87D400E5F189 /* Tile.swift */; };
		994078F32BBDABBD00E5F189 /* WIFIWidget.swift in Sources */ = {isa = PBXBuildFile; fileRef = 994078F22BBDABBD00E5F189 /* WIFIWidget.swift */; };
		994078F52BBDACBF00E5F189 /* Constants.swift in Sources */ = {isa = PBXBuildFile; fileRef = 994078F42BBDACBF00E5F189 /* Constants.swift */; };
		994078F72BBDED5F00E5F189 /* DetectionSearchVC.swift in Sources */ = {isa = PBXBuildFile; fileRef = 994078F62BBDED5F00E5F189 /* DetectionSearchVC.swift */; };
		994078FC2BBDF17200E5F189 /* Lottie in Frameworks */ = {isa = PBXBuildFile; productRef = 994078FB2BBDF17200E5F189 /* Lottie */; };
		994078FE2BBDF44600E5F189 /* animation.json in Resources */ = {isa = PBXBuildFile; fileRef = 994078FD2BBDF44600E5F189 /* animation.json */; };
		99B069442BBE7D7500F80212 /* ResultVC.swift in Sources */ = {isa = PBXBuildFile; fileRef = 99B069432BBE7D7500F80212 /* ResultVC.swift */; };
		99B069462BBE7F6200F80212 /* CustomCell.swift in Sources */ = {isa = PBXBuildFile; fileRef = 99B069452BBE7F6200F80212 /* CustomCell.swift */; };
		99B069492BBE96C200F80212 /* ResultVC+ext..swift in Sources */ = {isa = PBXBuildFile; fileRef = 99B069482BBE96C200F80212 /* ResultVC+ext..swift */; };
		99B0694B2BBE9EB800F80212 /* DeviceDetailsVC.swift in Sources */ = {isa = PBXBuildFile; fileRef = 99B0694A2BBE9EB800F80212 /* DeviceDetailsVC.swift */; };
		99B0694E2BBE9F7300F80212 /* MDLabel.swift in Sources */ = {isa = PBXBuildFile; fileRef = 99B0694D2BBE9F7300F80212 /* MDLabel.swift */; };
		99B069502BBE9FC100F80212 /* MDTitleLabel.swift in Sources */ = {isa = PBXBuildFile; fileRef = 99B0694F2BBE9FC100F80212 /* MDTitleLabel.swift */; };
		99B069522BBEA0F600F80212 /* CameraWidget.swift in Sources */ = {isa = PBXBuildFile; fileRef = 99B069512BBEA0F600F80212 /* CameraWidget.swift */; };
		99B069542BBEAA7C00F80212 /* CameraCell.swift in Sources */ = {isa = PBXBuildFile; fileRef = 99B069532BBEAA7C00F80212 /* CameraCell.swift */; };
		99B069562BBEB1F300F80212 /* ViewController+ext.swift in Sources */ = {isa = PBXBuildFile; fileRef = 99B069552BBEB1F300F80212 /* ViewController+ext.swift */; };
/* End PBXBuildFile section */

/* Begin PBXFileReference section */
		994078C42BBAD31C00E5F189 /* MagneticDetection.app */ = {isa = PBXFileReference; explicitFileType = wrapper.application; includeInIndex = 0; path = MagneticDetection.app; sourceTree = BUILT_PRODUCTS_DIR; };
		994078C72BBAD31C00E5F189 /* AppDelegate.swift */ = {isa = PBXFileReference; lastKnownFileType = sourcecode.swift; path = AppDelegate.swift; sourceTree = "<group>"; };
		994078C92BBAD31C00E5F189 /* SceneDelegate.swift */ = {isa = PBXFileReference; lastKnownFileType = sourcecode.swift; path = SceneDelegate.swift; sourceTree = "<group>"; };
		994078CB2BBAD31C00E5F189 /* ViewController.swift */ = {isa = PBXFileReference; lastKnownFileType = sourcecode.swift; path = ViewController.swift; sourceTree = "<group>"; };
		994078D02BBAD31D00E5F189 /* Assets.xcassets */ = {isa = PBXFileReference; lastKnownFileType = folder.assetcatalog; path = Assets.xcassets; sourceTree = "<group>"; };
		994078D32BBAD31D00E5F189 /* Base */ = {isa = PBXFileReference; lastKnownFileType = file.storyboard; name = Base; path = Base.lproj/LaunchScreen.storyboard; sourceTree = "<group>"; };
		994078D52BBAD31D00E5F189 /* Info.plist */ = {isa = PBXFileReference; lastKnownFileType = text.plist.xml; path = Info.plist; sourceTree = "<group>"; };
		994078DB2BBAD5C000E5F189 /* MagneticDetectionVC.swift */ = {isa = PBXFileReference; lastKnownFileType = sourcecode.swift; path = MagneticDetectionVC.swift; sourceTree = "<group>"; };
		994078DF2BBADD0300E5F189 /* MDButton.swift */ = {isa = PBXFileReference; lastKnownFileType = sourcecode.swift; path = MDButton.swift; sourceTree = "<group>"; };
		994078E52BBC290500E5F189 /* Pointer.swift */ = {isa = PBXFileReference; lastKnownFileType = sourcecode.swift; path = Pointer.swift; sourceTree = "<group>"; };
		994078E72BBC49E500E5F189 /* BackgroundImage.swift */ = {isa = PBXFileReference; lastKnownFileType = sourcecode.swift; path = BackgroundImage.swift; sourceTree = "<group>"; };
		994078EB2BBD517700E5F189 /* UIImage+ext.swift */ = {isa = PBXFileReference; lastKnownFileType = sourcecode.swift; path = "UIImage+ext.swift"; sourceTree = "<group>"; };
		994078ED2BBD841400E5F189 /* MainVC.swift */ = {isa = PBXFileReference; lastKnownFileType = sourcecode.swift; path = MainVC.swift; sourceTree = "<group>"; };
		994078F02BBD87D400E5F189 /* Tile.swift */ = {isa = PBXFileReference; lastKnownFileType = sourcecode.swift; path = Tile.swift; sourceTree = "<group>"; };
		994078F22BBDABBD00E5F189 /* WIFIWidget.swift */ = {isa = PBXFileReference; lastKnownFileType = sourcecode.swift; path = WIFIWidget.swift; sourceTree = "<group>"; };
		994078F42BBDACBF00E5F189 /* Constants.swift */ = {isa = PBXFileReference; lastKnownFileType = sourcecode.swift; path = Constants.swift; sourceTree = "<group>"; };
		994078F62BBDED5F00E5F189 /* DetectionSearchVC.swift */ = {isa = PBXFileReference; lastKnownFileType = sourcecode.swift; path = DetectionSearchVC.swift; sourceTree = "<group>"; };
		994078FD2BBDF44600E5F189 /* animation.json */ = {isa = PBXFileReference; fileEncoding = 4; lastKnownFileType = text.json; path = animation.json; sourceTree = "<group>"; };
		99B069432BBE7D7500F80212 /* ResultVC.swift */ = {isa = PBXFileReference; lastKnownFileType = sourcecode.swift; path = ResultVC.swift; sourceTree = "<group>"; };
		99B069452BBE7F6200F80212 /* CustomCell.swift */ = {isa = PBXFileReference; lastKnownFileType = sourcecode.swift; path = CustomCell.swift; sourceTree = "<group>"; };
		99B069482BBE96C200F80212 /* ResultVC+ext..swift */ = {isa = PBXFileReference; lastKnownFileType = sourcecode.swift; path = "ResultVC+ext..swift"; sourceTree = "<group>"; };
		99B0694A2BBE9EB800F80212 /* DeviceDetailsVC.swift */ = {isa = PBXFileReference; lastKnownFileType = sourcecode.swift; path = DeviceDetailsVC.swift; sourceTree = "<group>"; };
		99B0694D2BBE9F7300F80212 /* MDLabel.swift */ = {isa = PBXFileReference; lastKnownFileType = sourcecode.swift; path = MDLabel.swift; sourceTree = "<group>"; };
		99B0694F2BBE9FC100F80212 /* MDTitleLabel.swift */ = {isa = PBXFileReference; lastKnownFileType = sourcecode.swift; path = MDTitleLabel.swift; sourceTree = "<group>"; };
		99B069512BBEA0F600F80212 /* CameraWidget.swift */ = {isa = PBXFileReference; lastKnownFileType = sourcecode.swift; path = CameraWidget.swift; sourceTree = "<group>"; };
		99B069532BBEAA7C00F80212 /* CameraCell.swift */ = {isa = PBXFileReference; lastKnownFileType = sourcecode.swift; path = CameraCell.swift; sourceTree = "<group>"; };
		99B069552BBEB1F300F80212 /* ViewController+ext.swift */ = {isa = PBXFileReference; lastKnownFileType = sourcecode.swift; path = "ViewController+ext.swift"; sourceTree = "<group>"; };
/* End PBXFileReference section */

/* Begin PBXFrameworksBuildPhase section */
		994078C12BBAD31C00E5F189 /* Frameworks */ = {
			isa = PBXFrameworksBuildPhase;
			buildActionMask = 2147483647;
			files = (
				994078FC2BBDF17200E5F189 /* Lottie in Frameworks */,
			);
			runOnlyForDeploymentPostprocessing = 0;
		};
/* End PBXFrameworksBuildPhase section */

/* Begin PBXGroup section */
		994078BB2BBAD31C00E5F189 = {
			isa = PBXGroup;
			children = (
				994078C62BBAD31C00E5F189 /* MagneticDetection */,
				994078C52BBAD31C00E5F189 /* Products */,
			);
			sourceTree = "<group>";
		};
		994078C52BBAD31C00E5F189 /* Products */ = {
			isa = PBXGroup;
			children = (
				994078C42BBAD31C00E5F189 /* MagneticDetection.app */,
			);
			name = Products;
			sourceTree = "<group>";
		};
		994078C62BBAD31C00E5F189 /* MagneticDetection */ = {
			isa = PBXGroup;
			children = (
				99B0694C2BBE9F4700F80212 /* Labels */,
				99B069472BBE969400F80212 /* Extensions */,
				994078EF2BBD875D00E5F189 /* Views */,
				994078DE2BBADCE400E5F189 /* Conponents */,
				994078DD2BBADCD300E5F189 /* ViewControllers */,
				994078C72BBAD31C00E5F189 /* AppDelegate.swift */,
				994078C92BBAD31C00E5F189 /* SceneDelegate.swift */,
				994078CB2BBAD31C00E5F189 /* ViewController.swift */,
				994078D02BBAD31D00E5F189 /* Assets.xcassets */,
				994078D22BBAD31D00E5F189 /* LaunchScreen.storyboard */,
				994078D52BBAD31D00E5F189 /* Info.plist */,
				994078F42BBDACBF00E5F189 /* Constants.swift */,
				994078FD2BBDF44600E5F189 /* animation.json */,
			);
			path = MagneticDetection;
			sourceTree = "<group>";
		};
		994078DD2BBADCD300E5F189 /* ViewControllers */ = {
			isa = PBXGroup;
			children = (
				994078DB2BBAD5C000E5F189 /* MagneticDetectionVC.swift */,
				994078ED2BBD841400E5F189 /* MainVC.swift */,
				994078F62BBDED5F00E5F189 /* DetectionSearchVC.swift */,
				99B069432BBE7D7500F80212 /* ResultVC.swift */,
				99B0694A2BBE9EB800F80212 /* DeviceDetailsVC.swift */,
			);
			path = ViewControllers;
			sourceTree = "<group>";
		};
		994078DE2BBADCE400E5F189 /* Conponents */ = {
			isa = PBXGroup;
			children = (
				994078DF2BBADD0300E5F189 /* MDButton.swift */,
				994078E52BBC290500E5F189 /* Pointer.swift */,
			);
			path = Conponents;
			sourceTree = "<group>";
		};
		994078EF2BBD875D00E5F189 /* Views */ = {
			isa = PBXGroup;
			children = (
				99B069582BBEBD4000F80212 /* Widgets */,
				99B069572BBEBD3000F80212 /* Cells */,
				994078E72BBC49E500E5F189 /* BackgroundImage.swift */,
				994078F02BBD87D400E5F189 /* Tile.swift */,
			);
			path = Views;
			sourceTree = "<group>";
		};
		99B069472BBE969400F80212 /* Extensions */ = {
			isa = PBXGroup;
			children = (
				994078EB2BBD517700E5F189 /* UIImage+ext.swift */,
				99B069482BBE96C200F80212 /* ResultVC+ext..swift */,
				99B069552BBEB1F300F80212 /* ViewController+ext.swift */,
			);
			path = Extensions;
			sourceTree = "<group>";
		};
		99B0694C2BBE9F4700F80212 /* Labels */ = {
			isa = PBXGroup;
			children = (
				99B0694D2BBE9F7300F80212 /* MDLabel.swift */,
				99B0694F2BBE9FC100F80212 /* MDTitleLabel.swift */,
			);
			path = Labels;
			sourceTree = "<group>";
		};
		99B069572BBEBD3000F80212 /* Cells */ = {
			isa = PBXGroup;
			children = (
				99B069452BBE7F6200F80212 /* CustomCell.swift */,
				99B069532BBEAA7C00F80212 /* CameraCell.swift */,
			);
			path = Cells;
			sourceTree = "<group>";
		};
		99B069582BBEBD4000F80212 /* Widgets */ = {
			isa = PBXGroup;
			children = (
				994078F22BBDABBD00E5F189 /* WIFIWidget.swift */,
				99B069512BBEA0F600F80212 /* CameraWidget.swift */,
			);
			path = Widgets;
			sourceTree = "<group>";
		};
/* End PBXGroup section */

/* Begin PBXNativeTarget section */
		994078C32BBAD31C00E5F189 /* MagneticDetection */ = {
			isa = PBXNativeTarget;
			buildConfigurationList = 994078D82BBAD31D00E5F189 /* Build configuration list for PBXNativeTarget "MagneticDetection" */;
			buildPhases = (
				994078C02BBAD31C00E5F189 /* Sources */,
				994078C12BBAD31C00E5F189 /* Frameworks */,
				994078C22BBAD31C00E5F189 /* Resources */,
			);
			buildRules = (
			);
			dependencies = (
			);
			name = MagneticDetection;
			packageProductDependencies = (
				994078FB2BBDF17200E5F189 /* Lottie */,
			);
			productName = MagneticDetection;
			productReference = 994078C42BBAD31C00E5F189 /* MagneticDetection.app */;
			productType = "com.apple.product-type.application";
		};
/* End PBXNativeTarget section */

/* Begin PBXProject section */
		994078BC2BBAD31C00E5F189 /* Project object */ = {
			isa = PBXProject;
			attributes = {
				BuildIndependentTargetsInParallel = 1;
				LastSwiftUpdateCheck = 1520;
				LastUpgradeCheck = 1520;
				TargetAttributes = {
					994078C32BBAD31C00E5F189 = {
						CreatedOnToolsVersion = 15.2;
					};
				};
			};
			buildConfigurationList = 994078BF2BBAD31C00E5F189 /* Build configuration list for PBXProject "MagneticDetection" */;
			compatibilityVersion = "Xcode 14.0";
			developmentRegion = en;
			hasScannedForEncodings = 0;
			knownRegions = (
				en,
				Base,
			);
			mainGroup = 994078BB2BBAD31C00E5F189;
			packageReferences = (
				994078FA2BBDF17200E5F189 /* XCRemoteSwiftPackageReference "lottie-ios" */,
			);
			productRefGroup = 994078C52BBAD31C00E5F189 /* Products */;
			projectDirPath = "";
			projectRoot = "";
			targets = (
				994078C32BBAD31C00E5F189 /* MagneticDetection */,
			);
		};
/* End PBXProject section */

/* Begin PBXResourcesBuildPhase section */
		994078C22BBAD31C00E5F189 /* Resources */ = {
			isa = PBXResourcesBuildPhase;
			buildActionMask = 2147483647;
			files = (
				994078FE2BBDF44600E5F189 /* animation.json in Resources */,
				994078D42BBAD31D00E5F189 /* LaunchScreen.storyboard in Resources */,
				994078D12BBAD31D00E5F189 /* Assets.xcassets in Resources */,
			);
			runOnlyForDeploymentPostprocessing = 0;
		};
/* End PBXResourcesBuildPhase section */

/* Begin PBXSourcesBuildPhase section */
		994078C02BBAD31C00E5F189 /* Sources */ = {
			isa = PBXSourcesBuildPhase;
			buildActionMask = 2147483647;
			files = (
				99B069492BBE96C200F80212 /* ResultVC+ext..swift in Sources */,
				994078E02BBADD0300E5F189 /* MDButton.swift in Sources */,
				994078DC2BBAD5C000E5F189 /* MagneticDetectionVC.swift in Sources */,
				994078CC2BBAD31C00E5F189 /* ViewController.swift in Sources */,
				99B069562BBEB1F300F80212 /* ViewController+ext.swift in Sources */,
				994078F72BBDED5F00E5F189 /* DetectionSearchVC.swift in Sources */,
				994078F32BBDABBD00E5F189 /* WIFIWidget.swift in Sources */,
				994078EC2BBD517700E5F189 /* UIImage+ext.swift in Sources */,
				994078EE2BBD841400E5F189 /* MainVC.swift in Sources */,
				99B069462BBE7F6200F80212 /* CustomCell.swift in Sources */,
				994078E82BBC49E500E5F189 /* BackgroundImage.swift in Sources */,
				994078C82BBAD31C00E5F189 /* AppDelegate.swift in Sources */,
				99B069502BBE9FC100F80212 /* MDTitleLabel.swift in Sources */,
				994078F12BBD87D400E5F189 /* Tile.swift in Sources */,
				994078CA2BBAD31C00E5F189 /* SceneDelegate.swift in Sources */,
				99B069522BBEA0F600F80212 /* CameraWidget.swift in Sources */,
				99B069542BBEAA7C00F80212 /* CameraCell.swift in Sources */,
				99B0694B2BBE9EB800F80212 /* DeviceDetailsVC.swift in Sources */,
				99B069442BBE7D7500F80212 /* ResultVC.swift in Sources */,
				994078E62BBC290500E5F189 /* Pointer.swift in Sources */,
				994078F52BBDACBF00E5F189 /* Constants.swift in Sources */,
				99B0694E2BBE9F7300F80212 /* MDLabel.swift in Sources */,
			);
			runOnlyForDeploymentPostprocessing = 0;
		};
/* End PBXSourcesBuildPhase section */

/* Begin PBXVariantGroup section */
		994078D22BBAD31D00E5F189 /* LaunchScreen.storyboard */ = {
			isa = PBXVariantGroup;
			children = (
				994078D32BBAD31D00E5F189 /* Base */,
			);
			name = LaunchScreen.storyboard;
			sourceTree = "<group>";
		};
/* End PBXVariantGroup section */

/* Begin XCBuildConfiguration section */
		994078D62BBAD31D00E5F189 /* Debug */ = {
			isa = XCBuildConfiguration;
			buildSettings = {
				ALWAYS_SEARCH_USER_PATHS = NO;
				ASSETCATALOG_COMPILER_GENERATE_SWIFT_ASSET_SYMBOL_EXTENSIONS = YES;
				CLANG_ANALYZER_NONNULL = YES;
				CLANG_ANALYZER_NUMBER_OBJECT_CONVERSION = YES_AGGRESSIVE;
				CLANG_CXX_LANGUAGE_STANDARD = "gnu++20";
				CLANG_ENABLE_MODULES = YES;
				CLANG_ENABLE_OBJC_ARC = YES;
				CLANG_ENABLE_OBJC_WEAK = YES;
				CLANG_WARN_BLOCK_CAPTURE_AUTORELEASING = YES;
				CLANG_WARN_BOOL_CONVERSION = YES;
				CLANG_WARN_COMMA = YES;
				CLANG_WARN_CONSTANT_CONVERSION = YES;
				CLANG_WARN_DEPRECATED_OBJC_IMPLEMENTATIONS = YES;
				CLANG_WARN_DIRECT_OBJC_ISA_USAGE = YES_ERROR;
				CLANG_WARN_DOCUMENTATION_COMMENTS = YES;
				CLANG_WARN_EMPTY_BODY = YES;
				CLANG_WARN_ENUM_CONVERSION = YES;
				CLANG_WARN_INT_CONVERSION = YES;
				CLANG_WARN_NON_LITERAL_NULL_CONVERSION = YES;
				CLANG_WARN_OBJC_IMPLICIT_RETAIN_SELF = YES;
				CLANG_WARN_OBJC_LITERAL_CONVERSION = YES;
				CLANG_WARN_OBJC_ROOT_CLASS = YES_ERROR;
				CLANG_WARN_QUOTED_INCLUDE_IN_FRAMEWORK_HEADER = YES;
				CLANG_WARN_RANGE_LOOP_ANALYSIS = YES;
				CLANG_WARN_STRICT_PROTOTYPES = YES;
				CLANG_WARN_SUSPICIOUS_MOVE = YES;
				CLANG_WARN_UNGUARDED_AVAILABILITY = YES_AGGRESSIVE;
				CLANG_WARN_UNREACHABLE_CODE = YES;
				CLANG_WARN__DUPLICATE_METHOD_MATCH = YES;
				COPY_PHASE_STRIP = NO;
				DEBUG_INFORMATION_FORMAT = dwarf;
				ENABLE_STRICT_OBJC_MSGSEND = YES;
				ENABLE_TESTABILITY = YES;
				ENABLE_USER_SCRIPT_SANDBOXING = YES;
				GCC_C_LANGUAGE_STANDARD = gnu17;
				GCC_DYNAMIC_NO_PIC = NO;
				GCC_NO_COMMON_BLOCKS = YES;
				GCC_OPTIMIZATION_LEVEL = 0;
				GCC_PREPROCESSOR_DEFINITIONS = (
					"DEBUG=1",
					"$(inherited)",
				);
				GCC_WARN_64_TO_32_BIT_CONVERSION = YES;
				GCC_WARN_ABOUT_RETURN_TYPE = YES_ERROR;
				GCC_WARN_UNDECLARED_SELECTOR = YES;
				GCC_WARN_UNINITIALIZED_AUTOS = YES_AGGRESSIVE;
				GCC_WARN_UNUSED_FUNCTION = YES;
				GCC_WARN_UNUSED_VARIABLE = YES;
				IPHONEOS_DEPLOYMENT_TARGET = 17.2;
				LOCALIZATION_PREFERS_STRING_CATALOGS = YES;
				MTL_ENABLE_DEBUG_INFO = INCLUDE_SOURCE;
				MTL_FAST_MATH = YES;
				ONLY_ACTIVE_ARCH = YES;
				SDKROOT = iphoneos;
				SWIFT_ACTIVE_COMPILATION_CONDITIONS = "DEBUG $(inherited)";
				SWIFT_OPTIMIZATION_LEVEL = "-Onone";
			};
			name = Debug;
		};
		994078D72BBAD31D00E5F189 /* Release */ = {
			isa = XCBuildConfiguration;
			buildSettings = {
				ALWAYS_SEARCH_USER_PATHS = NO;
				ASSETCATALOG_COMPILER_GENERATE_SWIFT_ASSET_SYMBOL_EXTENSIONS = YES;
				CLANG_ANALYZER_NONNULL = YES;
				CLANG_ANALYZER_NUMBER_OBJECT_CONVERSION = YES_AGGRESSIVE;
				CLANG_CXX_LANGUAGE_STANDARD = "gnu++20";
				CLANG_ENABLE_MODULES = YES;
				CLANG_ENABLE_OBJC_ARC = YES;
				CLANG_ENABLE_OBJC_WEAK = YES;
				CLANG_WARN_BLOCK_CAPTURE_AUTORELEASING = YES;
				CLANG_WARN_BOOL_CONVERSION = YES;
				CLANG_WARN_COMMA = YES;
				CLANG_WARN_CONSTANT_CONVERSION = YES;
				CLANG_WARN_DEPRECATED_OBJC_IMPLEMENTATIONS = YES;
				CLANG_WARN_DIRECT_OBJC_ISA_USAGE = YES_ERROR;
				CLANG_WARN_DOCUMENTATION_COMMENTS = YES;
				CLANG_WARN_EMPTY_BODY = YES;
				CLANG_WARN_ENUM_CONVERSION = YES;
				CLANG_WARN_INT_CONVERSION = YES;
				CLANG_WARN_NON_LITERAL_NULL_CONVERSION = YES;
				CLANG_WARN_OBJC_IMPLICIT_RETAIN_SELF = YES;
				CLANG_WARN_OBJC_LITERAL_CONVERSION = YES;
				CLANG_WARN_OBJC_ROOT_CLASS = YES_ERROR;
				CLANG_WARN_QUOTED_INCLUDE_IN_FRAMEWORK_HEADER = YES;
				CLANG_WARN_RANGE_LOOP_ANALYSIS = YES;
				CLANG_WARN_STRICT_PROTOTYPES = YES;
				CLANG_WARN_SUSPICIOUS_MOVE = YES;
				CLANG_WARN_UNGUARDED_AVAILABILITY = YES_AGGRESSIVE;
				CLANG_WARN_UNREACHABLE_CODE = YES;
				CLANG_WARN__DUPLICATE_METHOD_MATCH = YES;
				COPY_PHASE_STRIP = NO;
				DEBUG_INFORMATION_FORMAT = "dwarf-with-dsym";
				ENABLE_NS_ASSERTIONS = NO;
				ENABLE_STRICT_OBJC_MSGSEND = YES;
				ENABLE_USER_SCRIPT_SANDBOXING = YES;
				GCC_C_LANGUAGE_STANDARD = gnu17;
				GCC_NO_COMMON_BLOCKS = YES;
				GCC_WARN_64_TO_32_BIT_CONVERSION = YES;
				GCC_WARN_ABOUT_RETURN_TYPE = YES_ERROR;
				GCC_WARN_UNDECLARED_SELECTOR = YES;
				GCC_WARN_UNINITIALIZED_AUTOS = YES_AGGRESSIVE;
				GCC_WARN_UNUSED_FUNCTION = YES;
				GCC_WARN_UNUSED_VARIABLE = YES;
				IPHONEOS_DEPLOYMENT_TARGET = 17.2;
				LOCALIZATION_PREFERS_STRING_CATALOGS = YES;
				MTL_ENABLE_DEBUG_INFO = NO;
				MTL_FAST_MATH = YES;
				SDKROOT = iphoneos;
				SWIFT_COMPILATION_MODE = wholemodule;
				VALIDATE_PRODUCT = YES;
			};
			name = Release;
		};
		994078D92BBAD31D00E5F189 /* Debug */ = {
			isa = XCBuildConfiguration;
			buildSettings = {
				ASSETCATALOG_COMPILER_APPICON_NAME = AppIcon;
				ASSETCATALOG_COMPILER_GLOBAL_ACCENT_COLOR_NAME = AccentColor;
				CODE_SIGN_STYLE = Automatic;
				CURRENT_PROJECT_VERSION = 1;
				DEVELOPMENT_TEAM = P235BK7N77;
				GENERATE_INFOPLIST_FILE = YES;
				INFOPLIST_FILE = MagneticDetection/Info.plist;
				INFOPLIST_KEY_UIApplicationSupportsIndirectInputEvents = YES;
				INFOPLIST_KEY_UILaunchStoryboardName = LaunchScreen;
				INFOPLIST_KEY_UISupportedInterfaceOrientations_iPad = "UIInterfaceOrientationPortrait UIInterfaceOrientationPortraitUpsideDown UIInterfaceOrientationLandscapeLeft UIInterfaceOrientationLandscapeRight";
				INFOPLIST_KEY_UISupportedInterfaceOrientations_iPhone = "UIInterfaceOrientationPortrait UIInterfaceOrientationLandscapeLeft UIInterfaceOrientationLandscapeRight";
				IPHONEOS_DEPLOYMENT_TARGET = 16.0;
				LD_RUNPATH_SEARCH_PATHS = (
					"$(inherited)",
					"@executable_path/Frameworks",
				);
				MARKETING_VERSION = 1.0;
				PRODUCT_BUNDLE_IDENTIFIER = oleksii.haievskyi.MagneticDetection;
				PRODUCT_NAME = "$(TARGET_NAME)";
				SWIFT_EMIT_LOC_STRINGS = YES;
				SWIFT_VERSION = 5.0;
				TARGETED_DEVICE_FAMILY = "1,2";
			};
			name = Debug;
		};
		994078DA2BBAD31D00E5F189 /* Release */ = {
			isa = XCBuildConfiguration;
			buildSettings = {
				ASSETCATALOG_COMPILER_APPICON_NAME = AppIcon;
				ASSETCATALOG_COMPILER_GLOBAL_ACCENT_COLOR_NAME = AccentColor;
				CODE_SIGN_STYLE = Automatic;
				CURRENT_PROJECT_VERSION = 1;
				DEVELOPMENT_TEAM = P235BK7N77;
				GENERATE_INFOPLIST_FILE = YES;
				INFOPLIST_FILE = MagneticDetection/Info.plist;
				INFOPLIST_KEY_UIApplicationSupportsIndirectInputEvents = YES;
				INFOPLIST_KEY_UILaunchStoryboardName = LaunchScreen;
				INFOPLIST_KEY_UISupportedInterfaceOrientations_iPad = "UIInterfaceOrientationPortrait UIInterfaceOrientationPortraitUpsideDown UIInterfaceOrientationLandscapeLeft UIInterfaceOrientationLandscapeRight";
				INFOPLIST_KEY_UISupportedInterfaceOrientations_iPhone = "UIInterfaceOrientationPortrait UIInterfaceOrientationLandscapeLeft UIInterfaceOrientationLandscapeRight";
				IPHONEOS_DEPLOYMENT_TARGET = 16.0;
				LD_RUNPATH_SEARCH_PATHS = (
					"$(inherited)",
					"@executable_path/Frameworks",
				);
				MARKETING_VERSION = 1.0;
				PRODUCT_BUNDLE_IDENTIFIER = oleksii.haievskyi.MagneticDetection;
				PRODUCT_NAME = "$(TARGET_NAME)";
				SWIFT_EMIT_LOC_STRINGS = YES;
				SWIFT_VERSION = 5.0;
				TARGETED_DEVICE_FAMILY = "1,2";
			};
			name = Release;
		};
/* End XCBuildConfiguration section */

/* Begin XCConfigurationList section */
		994078BF2BBAD31C00E5F189 /* Build configuration list for PBXProject "MagneticDetection" */ = {
			isa = XCConfigurationList;
			buildConfigurations = (
				994078D62BBAD31D00E5F189 /* Debug */,
				994078D72BBAD31D00E5F189 /* Release */,
			);
			defaultConfigurationIsVisible = 0;
			defaultConfigurationName = Release;
		};
		994078D82BBAD31D00E5F189 /* Build configuration list for PBXNativeTarget "MagneticDetection" */ = {
			isa = XCConfigurationList;
			buildConfigurations = (
				994078D92BBAD31D00E5F189 /* Debug */,
				994078DA2BBAD31D00E5F189 /* Release */,
			);
			defaultConfigurationIsVisible = 0;
			defaultConfigurationName = Release;
		};
/* End XCConfigurationList section */

/* Begin XCRemoteSwiftPackageReference section */
		994078FA2BBDF17200E5F189 /* XCRemoteSwiftPackageReference "lottie-ios" */ = {
			isa = XCRemoteSwiftPackageReference;
			repositoryURL = "https://github.com/airbnb/lottie-ios.git";
			requirement = {
				kind = upToNextMajorVersion;
				minimumVersion = 4.4.1;
			};
		};
/* End XCRemoteSwiftPackageReference section */

/* Begin XCSwiftPackageProductDependency section */
		994078FB2BBDF17200E5F189 /* Lottie */ = {
			isa = XCSwiftPackageProductDependency;
			package = 994078FA2BBDF17200E5F189 /* XCRemoteSwiftPackageReference "lottie-ios" */;
			productName = Lottie;
		};
/* End XCSwiftPackageProductDependency section */
	};
	rootObject = 994078BC2BBAD31C00E5F189 /* Project object */;
}
